
Microsoft Visual Studio Solution File, Format Version 12.00
# Visual Studio Version 16
VisualStudioVersion = 16.0.30128.36
MinimumVisualStudioVersion = 10.0.40219.1
Project("{FAE04EC0-301F-11D3-BF4B-00C04F79EFBC}") = "app", "app\app.csproj", "{F7F72AF9-ED4C-4038-A6DB-360A07D0BE75}"
EndProject
Project("{FAE04EC0-301F-11D3-BF4B-00C04F79EFBC}") = "Data", "Data\Data.csproj", "{1D23ECF0-3E6D-4A7A-91A5-576B8B7BD5C6}"
EndProject
Global
	GlobalSection(SolutionConfigurationPlatforms) = preSolution
		Debug|Any CPU = Debug|Any CPU
		Release|Any CPU = Release|Any CPU
	EndGlobalSection
	GlobalSection(ProjectConfigurationPlatforms) = postSolution
		{F7F72AF9-ED4C-4038-A6DB-360A07D0BE75}.Debug|Any CPU.ActiveCfg = Debug|Any CPU
		{F7F72AF9-ED4C-4038-A6DB-360A07D0BE75}.Debug|Any CPU.Build.0 = Debug|Any CPU
		{F7F72AF9-ED4C-4038-A6DB-360A07D0BE75}.Release|Any CPU.ActiveCfg = Release|Any CPU
		{F7F72AF9-ED4C-4038-A6DB-360A07D0BE75}.Release|Any CPU.Build.0 = Release|Any CPU
		{1D23ECF0-3E6D-4A7A-91A5-576B8B7BD5C6}.Debug|Any CPU.ActiveCfg = Debug|Any CPU
		{1D23ECF0-3E6D-4A7A-91A5-576B8B7BD5C6}.Debug|Any CPU.Build.0 = Debug|Any CPU
		{1D23ECF0-3E6D-4A7A-91A5-576B8B7BD5C6}.Release|Any CPU.ActiveCfg = Release|Any CPU
		{1D23ECF0-3E6D-4A7A-91A5-576B8B7BD5C6}.Release|Any CPU.Build.0 = Release|Any CPU
	EndGlobalSection
	GlobalSection(SolutionProperties) = preSolution
		HideSolutionNode = FALSE
	EndGlobalSection
	GlobalSection(ExtensibilityGlobals) = postSolution
		SolutionGuid = {F7CE0D9E-7409-4D44-AC6D-EC7BEAE1198E}
	EndGlobalSection
EndGlobal
